// !$*UTF8*$!
{
	archiveVersion = 1;
	classes = {
	};
	objectVersion = 46;
	objects = {

/* Begin PBXBuildFile section */
		697F3E5F1F4B17390014B79D /* main.m in Sources */ = {isa = PBXBuildFile; fileRef = 697F3E5E1F4B17390014B79D /* main.m */; };
		697F3E621F4B17390014B79D /* AppDelegate.m in Sources */ = {isa = PBXBuildFile; fileRef = 697F3E611F4B17390014B79D /* AppDelegate.m */; };
		697F3E681F4B17390014B79D /* Main.storyboard in Resources */ = {isa = PBXBuildFile; fileRef = 697F3E661F4B17390014B79D /* Main.storyboard */; };
		697F3E6A1F4B17390014B79D /* Assets.xcassets in Resources */ = {isa = PBXBuildFile; fileRef = 697F3E691F4B17390014B79D /* Assets.xcassets */; };
		697F3E6D1F4B17390014B79D /* LaunchScreen.storyboard in Resources */ = {isa = PBXBuildFile; fileRef = 697F3E6B1F4B17390014B79D /* LaunchScreen.storyboard */; };
		697F3E781F4B173A0014B79D /* CTLoveTests.m in Sources */ = {isa = PBXBuildFile; fileRef = 697F3E771F4B173A0014B79D /* CTLoveTests.m */; };
		697F3E831F4B173A0014B79D /* CTLoveUITests.m in Sources */ = {isa = PBXBuildFile; fileRef = 697F3E821F4B173A0014B79D /* CTLoveUITests.m */; };
		697F3E931F4B19880014B79D /* IVC.m in Sources */ = {isa = PBXBuildFile; fileRef = 697F3E921F4B19880014B79D /* IVC.m */; };
		9A4AF51B5841EC3C46555917 /* libPods-CTLoveTests.a in Frameworks */ = {isa = PBXBuildFile; fileRef = 8629E872FAA360B024CB21AB /* libPods-CTLoveTests.a */; };
		9B70E6B9A8CAEA906D6C4DE7 /* libPods-CTLove.a in Frameworks */ = {isa = PBXBuildFile; fileRef = BF6EAD71B9B5D03A38D1F1CB /* libPods-CTLove.a */; };
		E68D4DE4AA5A0EE5593EDD6F /* libPods-CTLoveUITests.a in Frameworks */ = {isa = PBXBuildFile; fileRef = AF95192C365135569C7E475E /* libPods-CTLoveUITests.a */; };
/* End PBXBuildFile section */

/* Begin PBXContainerItemProxy section */
		697F3E741F4B173A0014B79D /* PBXContainerItemProxy */ = {
			isa = PBXContainerItemProxy;
			containerPortal = 697F3E521F4B17390014B79D /* Project object */;
			proxyType = 1;
			remoteGlobalIDString = 697F3E591F4B17390014B79D;
			remoteInfo = CTLove;
		};
		697F3E7F1F4B173A0014B79D /* PBXContainerItemProxy */ = {
			isa = PBXContainerItemProxy;
			containerPortal = 697F3E521F4B17390014B79D /* Project object */;
			proxyType = 1;
			remoteGlobalIDString = 697F3E591F4B17390014B79D;
			remoteInfo = CTLove;
		};
/* End PBXContainerItemProxy section */

/* Begin PBXFileReference section */
		3DE1DB65D4C7994A0EE29434 /* Pods-CTLoveUITests.debug.xcconfig */ = {isa = PBXFileReference; includeInIndex = 1; lastKnownFileType = text.xcconfig; name = "Pods-CTLoveUITests.debug.xcconfig"; path = "Pods/Target Support Files/Pods-CTLoveUITests/Pods-CTLoveUITests.debug.xcconfig"; sourceTree = "<group>"; };
		43189289EC9ABAA6DE4FF61E /* Pods-CTLove.release.xcconfig */ = {isa = PBXFileReference; includeInIndex = 1; lastKnownFileType = text.xcconfig; name = "Pods-CTLove.release.xcconfig"; path = "Pods/Target Support Files/Pods-CTLove/Pods-CTLove.release.xcconfig"; sourceTree = "<group>"; };
		4E3F6225A037E5852CD76ACF /* Pods-CTLove.debug.xcconfig */ = {isa = PBXFileReference; includeInIndex = 1; lastKnownFileType = text.xcconfig; name = "Pods-CTLove.debug.xcconfig"; path = "Pods/Target Support Files/Pods-CTLove/Pods-CTLove.debug.xcconfig"; sourceTree = "<group>"; };
		696C350234525BE3E0E746D6 /* Pods-CTLoveTests.debug.xcconfig */ = {isa = PBXFileReference; includeInIndex = 1; lastKnownFileType = text.xcconfig; name = "Pods-CTLoveTests.debug.xcconfig"; path = "Pods/Target Support Files/Pods-CTLoveTests/Pods-CTLoveTests.debug.xcconfig"; sourceTree = "<group>"; };
		697F3E5A1F4B17390014B79D /* CTLove.app */ = {isa = PBXFileReference; explicitFileType = wrapper.application; includeInIndex = 0; path = CTLove.app; sourceTree = BUILT_PRODUCTS_DIR; };
		697F3E5E1F4B17390014B79D /* main.m */ = {isa = PBXFileReference; lastKnownFileType = sourcecode.c.objc; path = main.m; sourceTree = "<group>"; };
		697F3E601F4B17390014B79D /* AppDelegate.h */ = {isa = PBXFileReference; lastKnownFileType = sourcecode.c.h; path = AppDelegate.h; sourceTree = "<group>"; };
		697F3E611F4B17390014B79D /* AppDelegate.m */ = {isa = PBXFileReference; lastKnownFileType = sourcecode.c.objc; path = AppDelegate.m; sourceTree = "<group>"; };
		697F3E671F4B17390014B79D /* Base */ = {isa = PBXFileReference; lastKnownFileType = file.storyboard; name = Base; path = Base.lproj/Main.storyboard; sourceTree = "<group>"; };
		697F3E691F4B17390014B79D /* Assets.xcassets */ = {isa = PBXFileReference; lastKnownFileType = folder.assetcatalog; path = Assets.xcassets; sourceTree = "<group>"; };
		697F3E6C1F4B17390014B79D /* Base */ = {isa = PBXFileReference; lastKnownFileType = file.storyboard; name = Base; path = Base.lproj/LaunchScreen.storyboard; sourceTree = "<group>"; };
		697F3E6E1F4B17390014B79D /* Info.plist */ = {isa = PBXFileReference; lastKnownFileType = text.plist.xml; path = Info.plist; sourceTree = "<group>"; };
		697F3E731F4B173A0014B79D /* CTLoveTests.xctest */ = {isa = PBXFileReference; explicitFileType = wrapper.cfbundle; includeInIndex = 0; path = CTLoveTests.xctest; sourceTree = BUILT_PRODUCTS_DIR; };
		697F3E771F4B173A0014B79D /* CTLoveTests.m */ = {isa = PBXFileReference; lastKnownFileType = sourcecode.c.objc; path = CTLoveTests.m; sourceTree = "<group>"; };
		697F3E791F4B173A0014B79D /* Info.plist */ = {isa = PBXFileReference; lastKnownFileType = text.plist.xml; path = Info.plist; sourceTree = "<group>"; };
		697F3E7E1F4B173A0014B79D /* CTLoveUITests.xctest */ = {isa = PBXFileReference; explicitFileType = wrapper.cfbundle; includeInIndex = 0; path = CTLoveUITests.xctest; sourceTree = BUILT_PRODUCTS_DIR; };
		697F3E821F4B173A0014B79D /* CTLoveUITests.m */ = {isa = PBXFileReference; lastKnownFileType = sourcecode.c.objc; path = CTLoveUITests.m; sourceTree = "<group>"; };
		697F3E841F4B173A0014B79D /* Info.plist */ = {isa = PBXFileReference; lastKnownFileType = text.plist.xml; path = Info.plist; sourceTree = "<group>"; };
		697F3E911F4B19880014B79D /* IVC.h */ = {isa = PBXFileReference; fileEncoding = 4; lastKnownFileType = sourcecode.c.h; path = IVC.h; sourceTree = "<group>"; };
		697F3E921F4B19880014B79D /* IVC.m */ = {isa = PBXFileReference; fileEncoding = 4; lastKnownFileType = sourcecode.c.objc; path = IVC.m; sourceTree = "<group>"; };
		8629E872FAA360B024CB21AB /* libPods-CTLoveTests.a */ = {isa = PBXFileReference; explicitFileType = archive.ar; includeInIndex = 0; path = "libPods-CTLoveTests.a"; sourceTree = BUILT_PRODUCTS_DIR; };
		93DE257E0F40A06601383808 /* Pods-CTLoveUITests.release.xcconfig */ = {isa = PBXFileReference; includeInIndex = 1; lastKnownFileType = text.xcconfig; name = "Pods-CTLoveUITests.release.xcconfig"; path = "Pods/Target Support Files/Pods-CTLoveUITests/Pods-CTLoveUITests.release.xcconfig"; sourceTree = "<group>"; };
		AF95192C365135569C7E475E /* libPods-CTLoveUITests.a */ = {isa = PBXFileReference; explicitFileType = archive.ar; includeInIndex = 0; path = "libPods-CTLoveUITests.a"; sourceTree = BUILT_PRODUCTS_DIR; };
		B4F093E221D48E1EFE148C12 /* Pods-CTLoveTests.release.xcconfig */ = {isa = PBXFileReference; includeInIndex = 1; lastKnownFileType = text.xcconfig; name = "Pods-CTLoveTests.release.xcconfig"; path = "Pods/Target Support Files/Pods-CTLoveTests/Pods-CTLoveTests.release.xcconfig"; sourceTree = "<group>"; };
		BF6EAD71B9B5D03A38D1F1CB /* libPods-CTLove.a */ = {isa = PBXFileReference; explicitFileType = archive.ar; includeInIndex = 0; path = "libPods-CTLove.a"; sourceTree = BUILT_PRODUCTS_DIR; };
/* End PBXFileReference section */

/* Begin PBXFrameworksBuildPhase section */
		697F3E571F4B17390014B79D /* Frameworks */ = {
			isa = PBXFrameworksBuildPhase;
			buildActionMask = 2147483647;
			files = (
				9B70E6B9A8CAEA906D6C4DE7 /* libPods-CTLove.a in Frameworks */,
			);
			runOnlyForDeploymentPostprocessing = 0;
		};
		697F3E701F4B173A0014B79D /* Frameworks */ = {
			isa = PBXFrameworksBuildPhase;
			buildActionMask = 2147483647;
			files = (
				9A4AF51B5841EC3C46555917 /* libPods-CTLoveTests.a in Frameworks */,
			);
			runOnlyForDeploymentPostprocessing = 0;
		};
		697F3E7B1F4B173A0014B79D /* Frameworks */ = {
			isa = PBXFrameworksBuildPhase;
			buildActionMask = 2147483647;
			files = (
				E68D4DE4AA5A0EE5593EDD6F /* libPods-CTLoveUITests.a in Frameworks */,
			);
			runOnlyForDeploymentPostprocessing = 0;
		};
/* End PBXFrameworksBuildPhase section */

/* Begin PBXGroup section */
		2D23D680C7E7D25ED8E5349E /* Frameworks */ = {
			isa = PBXGroup;
			children = (
				BF6EAD71B9B5D03A38D1F1CB /* libPods-CTLove.a */,
				8629E872FAA360B024CB21AB /* libPods-CTLoveTests.a */,
				AF95192C365135569C7E475E /* libPods-CTLoveUITests.a */,
			);
			name = Frameworks;
			sourceTree = "<group>";
		};
		697F3E511F4B17390014B79D = {
			isa = PBXGroup;
			children = (
				697F3E5C1F4B17390014B79D /* CTLove */,
				697F3E761F4B173A0014B79D /* CTLoveTests */,
				697F3E811F4B173A0014B79D /* CTLoveUITests */,
				697F3E5B1F4B17390014B79D /* Products */,
				7310FE43E1572188F425D5A2 /* Pods */,
				2D23D680C7E7D25ED8E5349E /* Frameworks */,
			);
			sourceTree = "<group>";
		};
		697F3E5B1F4B17390014B79D /* Products */ = {
			isa = PBXGroup;
			children = (
				697F3E5A1F4B17390014B79D /* CTLove.app */,
				697F3E731F4B173A0014B79D /* CTLoveTests.xctest */,
				697F3E7E1F4B173A0014B79D /* CTLoveUITests.xctest */,
			);
			name = Products;
			sourceTree = "<group>";
		};
		697F3E5C1F4B17390014B79D /* CTLove */ = {
			isa = PBXGroup;
			children = (
				697F3E901F4B19360014B79D /* VC */,
				697F3E601F4B17390014B79D /* AppDelegate.h */,
				697F3E611F4B17390014B79D /* AppDelegate.m */,
				697F3E661F4B17390014B79D /* Main.storyboard */,
				697F3E691F4B17390014B79D /* Assets.xcassets */,
				697F3E6B1F4B17390014B79D /* LaunchScreen.storyboard */,
				697F3E6E1F4B17390014B79D /* Info.plist */,
				697F3E5D1F4B17390014B79D /* Supporting Files */,
			);
			path = CTLove;
			sourceTree = "<group>";
		};
		697F3E5D1F4B17390014B79D /* Supporting Files */ = {
			isa = PBXGroup;
			children = (
				697F3E5E1F4B17390014B79D /* main.m */,
			);
			name = "Supporting Files";
			sourceTree = "<group>";
		};
		697F3E761F4B173A0014B79D /* CTLoveTests */ = {
			isa = PBXGroup;
			children = (
				697F3E771F4B173A0014B79D /* CTLoveTests.m */,
				697F3E791F4B173A0014B79D /* Info.plist */,
			);
			path = CTLoveTests;
			sourceTree = "<group>";
		};
		697F3E811F4B173A0014B79D /* CTLoveUITests */ = {
			isa = PBXGroup;
			children = (
				697F3E821F4B173A0014B79D /* CTLoveUITests.m */,
				697F3E841F4B173A0014B79D /* Info.plist */,
			);
			path = CTLoveUITests;
			sourceTree = "<group>";
		};
		697F3E901F4B19360014B79D /* VC */ = {
			isa = PBXGroup;
			children = (
				697F3E911F4B19880014B79D /* IVC.h */,
				697F3E921F4B19880014B79D /* IVC.m */,
			);
			path = VC;
			sourceTree = "<group>";
		};
		7310FE43E1572188F425D5A2 /* Pods */ = {
			isa = PBXGroup;
			children = (
				4E3F6225A037E5852CD76ACF /* Pods-CTLove.debug.xcconfig */,
				43189289EC9ABAA6DE4FF61E /* Pods-CTLove.release.xcconfig */,
				696C350234525BE3E0E746D6 /* Pods-CTLoveTests.debug.xcconfig */,
				B4F093E221D48E1EFE148C12 /* Pods-CTLoveTests.release.xcconfig */,
				3DE1DB65D4C7994A0EE29434 /* Pods-CTLoveUITests.debug.xcconfig */,
				93DE257E0F40A06601383808 /* Pods-CTLoveUITests.release.xcconfig */,
			);
			name = Pods;
			sourceTree = "<group>";
		};
/* End PBXGroup section */

/* Begin PBXNativeTarget section */
		697F3E591F4B17390014B79D /* CTLove */ = {
			isa = PBXNativeTarget;
			buildConfigurationList = 697F3E871F4B173A0014B79D /* Build configuration list for PBXNativeTarget "CTLove" */;
			buildPhases = (
				6332F2F197305A1FFC8E2439 /* [CP] Check Pods Manifest.lock */,
				697F3E561F4B17390014B79D /* Sources */,
				697F3E571F4B17390014B79D /* Frameworks */,
				697F3E581F4B17390014B79D /* Resources */,
				C7F1C2780086193925F39E03 /* [CP] Embed Pods Frameworks */,
				6F5EAAA93222C9844A12BD43 /* [CP] Copy Pods Resources */,
			);
			buildRules = (
			);
			dependencies = (
			);
			name = CTLove;
			productName = CTLove;
			productReference = 697F3E5A1F4B17390014B79D /* CTLove.app */;
			productType = "com.apple.product-type.application";
		};
		697F3E721F4B173A0014B79D /* CTLoveTests */ = {
			isa = PBXNativeTarget;
			buildConfigurationList = 697F3E8A1F4B173A0014B79D /* Build configuration list for PBXNativeTarget "CTLoveTests" */;
			buildPhases = (
				B970C58B1DFF2EF6422DF7A2 /* [CP] Check Pods Manifest.lock */,
				697F3E6F1F4B173A0014B79D /* Sources */,
				697F3E701F4B173A0014B79D /* Frameworks */,
				697F3E711F4B173A0014B79D /* Resources */,
				78EFAFE64942999409DB2F86 /* [CP] Embed Pods Frameworks */,
				9BC41FC66367DA3CDBDF77EF /* [CP] Copy Pods Resources */,
			);
			buildRules = (
			);
			dependencies = (
				697F3E751F4B173A0014B79D /* PBXTargetDependency */,
			);
			name = CTLoveTests;
			productName = CTLoveTests;
			productReference = 697F3E731F4B173A0014B79D /* CTLoveTests.xctest */;
			productType = "com.apple.product-type.bundle.unit-test";
		};
		697F3E7D1F4B173A0014B79D /* CTLoveUITests */ = {
			isa = PBXNativeTarget;
			buildConfigurationList = 697F3E8D1F4B173A0014B79D /* Build configuration list for PBXNativeTarget "CTLoveUITests" */;
			buildPhases = (
				5C5A0C9C9DB19306E41FCA9B /* [CP] Check Pods Manifest.lock */,
				697F3E7A1F4B173A0014B79D /* Sources */,
				697F3E7B1F4B173A0014B79D /* Frameworks */,
				697F3E7C1F4B173A0014B79D /* Resources */,
				0E0CD782744A52F3DF228A2D /* [CP] Embed Pods Frameworks */,
				F9891907348B0D6D7F764DE6 /* [CP] Copy Pods Resources */,
			);
			buildRules = (
			);
			dependencies = (
				697F3E801F4B173A0014B79D /* PBXTargetDependency */,
			);
			name = CTLoveUITests;
			productName = CTLoveUITests;
			productReference = 697F3E7E1F4B173A0014B79D /* CTLoveUITests.xctest */;
			productType = "com.apple.product-type.bundle.ui-testing";
		};
/* End PBXNativeTarget section */

/* Begin PBXProject section */
		697F3E521F4B17390014B79D /* Project object */ = {
			isa = PBXProject;
			attributes = {
				LastUpgradeCheck = 0830;
				ORGANIZATIONNAME = Demo;
				TargetAttributes = {
					697F3E591F4B17390014B79D = {
						CreatedOnToolsVersion = 8.3.3;
						DevelopmentTeam = HG4D7RHCA9;
						ProvisioningStyle = Automatic;
					};
					697F3E721F4B173A0014B79D = {
						CreatedOnToolsVersion = 8.3.3;
						DevelopmentTeam = HG4D7RHCA9;
						ProvisioningStyle = Automatic;
						TestTargetID = 697F3E591F4B17390014B79D;
					};
					697F3E7D1F4B173A0014B79D = {
						CreatedOnToolsVersion = 8.3.3;
						DevelopmentTeam = HG4D7RHCA9;
						ProvisioningStyle = Automatic;
						TestTargetID = 697F3E591F4B17390014B79D;
					};
				};
			};
			buildConfigurationList = 697F3E551F4B17390014B79D /* Build configuration list for PBXProject "CTLove" */;
			compatibilityVersion = "Xcode 3.2";
			developmentRegion = English;
			hasScannedForEncodings = 0;
			knownRegions = (
				en,
				Base,
			);
			mainGroup = 697F3E511F4B17390014B79D;
			productRefGroup = 697F3E5B1F4B17390014B79D /* Products */;
			projectDirPath = "";
			projectRoot = "";
			targets = (
				697F3E591F4B17390014B79D /* CTLove */,
				697F3E721F4B173A0014B79D /* CTLoveTests */,
				697F3E7D1F4B173A0014B79D /* CTLoveUITests */,
			);
		};
/* End PBXProject section */

/* Begin PBXResourcesBuildPhase section */
		697F3E581F4B17390014B79D /* Resources */ = {
			isa = PBXResourcesBuildPhase;
			buildActionMask = 2147483647;
			files = (
				697F3E6D1F4B17390014B79D /* LaunchScreen.storyboard in Resources */,
				697F3E6A1F4B17390014B79D /* Assets.xcassets in Resources */,
				697F3E681F4B17390014B79D /* Main.storyboard in Resources */,
			);
			runOnlyForDeploymentPostprocessing = 0;
		};
		697F3E711F4B173A0014B79D /* Resources */ = {
			isa = PBXResourcesBuildPhase;
			buildActionMask = 2147483647;
			files = (
			);
			runOnlyForDeploymentPostprocessing = 0;
		};
		697F3E7C1F4B173A0014B79D /* Resources */ = {
			isa = PBXResourcesBuildPhase;
			buildActionMask = 2147483647;
			files = (
			);
			runOnlyForDeploymentPostprocessing = 0;
		};
/* End PBXResourcesBuildPhase section */

/* Begin PBXShellScriptBuildPhase section */
		0E0CD782744A52F3DF228A2D /* [CP] Embed Pods Frameworks */ = {
			isa = PBXShellScriptBuildPhase;
			buildActionMask = 2147483647;
			files = (
			);
			inputPaths = (
			);
			name = "[CP] Embed Pods Frameworks";
			outputPaths = (
			);
			runOnlyForDeploymentPostprocessing = 0;
			shellPath = /bin/sh;
			shellScript = "\"${SRCROOT}/Pods/Target Support Files/Pods-CTLoveUITests/Pods-CTLoveUITests-frameworks.sh\"\n";
			showEnvVarsInLog = 0;
		};
		5C5A0C9C9DB19306E41FCA9B /* [CP] Check Pods Manifest.lock */ = {
			isa = PBXShellScriptBuildPhase;
			buildActionMask = 2147483647;
			files = (
			);
			inputPaths = (
			);
			name = "[CP] Check Pods Manifest.lock";
			outputPaths = (
			);
			runOnlyForDeploymentPostprocessing = 0;
			shellPath = /bin/sh;
			shellScript = "diff \"${PODS_PODFILE_DIR_PATH}/Podfile.lock\" \"${PODS_ROOT}/Manifest.lock\" > /dev/null\nif [ $? != 0 ] ; then\n    # print error to STDERR\n    echo \"error: The sandbox is not in sync with the Podfile.lock. Run 'pod install' or update your CocoaPods installation.\" >&2\n    exit 1\nfi\n";
			showEnvVarsInLog = 0;
		};
		6332F2F197305A1FFC8E2439 /* [CP] Check Pods Manifest.lock */ = {
			isa = PBXShellScriptBuildPhase;
			buildActionMask = 2147483647;
			files = (
			);
			inputPaths = (
			);
			name = "[CP] Check Pods Manifest.lock";
			outputPaths = (
			);
			runOnlyForDeploymentPostprocessing = 0;
			shellPath = /bin/sh;
			shellScript = "diff \"${PODS_PODFILE_DIR_PATH}/Podfile.lock\" \"${PODS_ROOT}/Manifest.lock\" > /dev/null\nif [ $? != 0 ] ; then\n    # print error to STDERR\n    echo \"error: The sandbox is not in sync with the Podfile.lock. Run 'pod install' or update your CocoaPods installation.\" >&2\n    exit 1\nfi\n";
			showEnvVarsInLog = 0;
		};
		6F5EAAA93222C9844A12BD43 /* [CP] Copy Pods Resources */ = {
			isa = PBXShellScriptBuildPhase;
			buildActionMask = 2147483647;
			files = (
			);
			inputPaths = (
			);
			name = "[CP] Copy Pods Resources";
			outputPaths = (
			);
			runOnlyForDeploymentPostprocessing = 0;
			shellPath = /bin/sh;
			shellScript = "\"${SRCROOT}/Pods/Target Support Files/Pods-CTLove/Pods-CTLove-resources.sh\"\n";
			showEnvVarsInLog = 0;
		};
		78EFAFE64942999409DB2F86 /* [CP] Embed Pods Frameworks */ = {
			isa = PBXShellScriptBuildPhase;
			buildActionMask = 2147483647;
			files = (
			);
			inputPaths = (
			);
			name = "[CP] Embed Pods Frameworks";
			outputPaths = (
			);
			runOnlyForDeploymentPostprocessing = 0;
			shellPath = /bin/sh;
			shellScript = "\"${SRCROOT}/Pods/Target Support Files/Pods-CTLoveTests/Pods-CTLoveTests-frameworks.sh\"\n";
			showEnvVarsInLog = 0;
		};
		9BC41FC66367DA3CDBDF77EF /* [CP] Copy Pods Resources */ = {
			isa = PBXShellScriptBuildPhase;
			buildActionMask = 2147483647;
			files = (
			);
			inputPaths = (
			);
			name = "[CP] Copy Pods Resources";
			outputPaths = (
			);
			runOnlyForDeploymentPostprocessing = 0;
			shellPath = /bin/sh;
			shellScript = "\"${SRCROOT}/Pods/Target Support Files/Pods-CTLoveTests/Pods-CTLoveTests-resources.sh\"\n";
			showEnvVarsInLog = 0;
		};
		B970C58B1DFF2EF6422DF7A2 /* [CP] Check Pods Manifest.lock */ = {
			isa = PBXShellScriptBuildPhase;
			buildActionMask = 2147483647;
			files = (
			);
			inputPaths = (
			);
			name = "[CP] Check Pods Manifest.lock";
			outputPaths = (
			);
			runOnlyForDeploymentPostprocessing = 0;
			shellPath = /bin/sh;
			shellScript = "diff \"${PODS_PODFILE_DIR_PATH}/Podfile.lock\" \"${PODS_ROOT}/Manifest.lock\" > /dev/null\nif [ $? != 0 ] ; then\n    # print error to STDERR\n    echo \"error: The sandbox is not in sync with the Podfile.lock. Run 'pod install' or update your CocoaPods installation.\" >&2\n    exit 1\nfi\n";
			showEnvVarsInLog = 0;
		};
		C7F1C2780086193925F39E03 /* [CP] Embed Pods Frameworks */ = {
			isa = PBXShellScriptBuildPhase;
			buildActionMask = 2147483647;
			files = (
			);
			inputPaths = (
			);
			name = "[CP] Embed Pods Frameworks";
			outputPaths = (
			);
			runOnlyForDeploymentPostprocessing = 0;
			shellPath = /bin/sh;
			shellScript = "\"${SRCROOT}/Pods/Target Support Files/Pods-CTLove/Pods-CTLove-frameworks.sh\"\n";
			showEnvVarsInLog = 0;
		};
		F9891907348B0D6D7F764DE6 /* [CP] Copy Pods Resources */ = {
			isa = PBXShellScriptBuildPhase;
			buildActionMask = 2147483647;
			files = (
			);
			inputPaths = (
			);
			name = "[CP] Copy Pods Resources";
			outputPaths = (
			);
			runOnlyForDeploymentPostprocessing = 0;
			shellPath = /bin/sh;
			shellScript = "\"${SRCROOT}/Pods/Target Support Files/Pods-CTLoveUITests/Pods-CTLoveUITests-resources.sh\"\n";
			showEnvVarsInLog = 0;
		};
/* End PBXShellScriptBuildPhase section */

/* Begin PBXSourcesBuildPhase section */
		697F3E561F4B17390014B79D /* Sources */ = {
			isa = PBXSourcesBuildPhase;
			buildActionMask = 2147483647;
			files = (
				697F3E931F4B19880014B79D /* IVC.m in Sources */,
				697F3E621F4B17390014B79D /* AppDelegate.m in Sources */,
				697F3E5F1F4B17390014B79D /* main.m in Sources */,
			);
			runOnlyForDeploymentPostprocessing = 0;
		};
		697F3E6F1F4B173A0014B79D /* Sources */ = {
			isa = PBXSourcesBuildPhase;
			buildActionMask = 2147483647;
			files = (
				697F3E781F4B173A0014B79D /* CTLoveTests.m in Sources */,
			);
			runOnlyForDeploymentPostprocessing = 0;
		};
		697F3E7A1F4B173A0014B79D /* Sources */ = {
			isa = PBXSourcesBuildPhase;
			buildActionMask = 2147483647;
			files = (
				697F3E831F4B173A0014B79D /* CTLoveUITests.m in Sources */,
			);
			runOnlyForDeploymentPostprocessing = 0;
		};
/* End PBXSourcesBuildPhase section */

/* Begin PBXTargetDependency section */
		697F3E751F4B173A0014B79D /* PBXTargetDependency */ = {
			isa = PBXTargetDependency;
			target = 697F3E591F4B17390014B79D /* CTLove */;
			targetProxy = 697F3E741F4B173A0014B79D /* PBXContainerItemProxy */;
		};
		697F3E801F4B173A0014B79D /* PBXTargetDependency */ = {
			isa = PBXTargetDependency;
			target = 697F3E591F4B17390014B79D /* CTLove */;
			targetProxy = 697F3E7F1F4B173A0014B79D /* PBXContainerItemProxy */;
		};
/* End PBXTargetDependency section */

/* Begin PBXVariantGroup section */
		697F3E661F4B17390014B79D /* Main.storyboard */ = {
			isa = PBXVariantGroup;
			children = (
				697F3E671F4B17390014B79D /* Base */,
			);
			name = Main.storyboard;
			sourceTree = "<group>";
		};
		697F3E6B1F4B17390014B79D /* LaunchScreen.storyboard */ = {
			isa = PBXVariantGroup;
			children = (
				697F3E6C1F4B17390014B79D /* Base */,
			);
			name = LaunchScreen.storyboard;
			sourceTree = "<group>";
		};
/* End PBXVariantGroup section */

/* Begin XCBuildConfiguration section */
		697F3E851F4B173A0014B79D /* Debug */ = {
			isa = XCBuildConfiguration;
			buildSettings = {
				ALWAYS_SEARCH_USER_PATHS = NO;
				CLANG_ANALYZER_NONNULL = YES;
				CLANG_ANALYZER_NUMBER_OBJECT_CONVERSION = YES_AGGRESSIVE;
				CLANG_CXX_LANGUAGE_STANDARD = "gnu++0x";
				CLANG_CXX_LIBRARY = "libc++";
				CLANG_ENABLE_MODULES = YES;
				CLANG_ENABLE_OBJC_ARC = YES;
				CLANG_WARN_BOOL_CONVERSION = YES;
				CLANG_WARN_CONSTANT_CONVERSION = YES;
				CLANG_WARN_DIRECT_OBJC_ISA_USAGE = YES_ERROR;
				CLANG_WARN_DOCUMENTATION_COMMENTS = YES;
				CLANG_WARN_EMPTY_BODY = YES;
				CLANG_WARN_ENUM_CONVERSION = YES;
				CLANG_WARN_INFINITE_RECURSION = YES;
				CLANG_WARN_INT_CONVERSION = YES;
				CLANG_WARN_OBJC_ROOT_CLASS = YES_ERROR;
				CLANG_WARN_SUSPICIOUS_MOVE = YES;
				CLANG_WARN_UNREACHABLE_CODE = YES;
				CLANG_WARN__DUPLICATE_METHOD_MATCH = YES;
				"CODE_SIGN_IDENTITY[sdk=iphoneos*]" = "iPhone Developer";
				COPY_PHASE_STRIP = NO;
				DEBUG_INFORMATION_FORMAT = dwarf;
				ENABLE_STRICT_OBJC_MSGSEND = YES;
				ENABLE_TESTABILITY = YES;
				GCC_C_LANGUAGE_STANDARD = gnu99;
				GCC_DYNAMIC_NO_PIC = NO;
				GCC_NO_COMMON_BLOCKS = YES;
				GCC_OPTIMIZATION_LEVEL = 0;
				GCC_PREPROCESSOR_DEFINITIONS = (
					"DEBUG=1",
					"$(inherited)",
				);
				GCC_WARN_64_TO_32_BIT_CONVERSION = YES;
				GCC_WARN_ABOUT_RETURN_TYPE = YES_ERROR;
				GCC_WARN_UNDECLARED_SELECTOR = YES;
				GCC_WARN_UNINITIALIZED_AUTOS = YES_AGGRESSIVE;
				GCC_WARN_UNUSED_FUNCTION = YES;
				GCC_WARN_UNUSED_VARIABLE = YES;
				IPHONEOS_DEPLOYMENT_TARGET = 10.3;
				MTL_ENABLE_DEBUG_INFO = YES;
				ONLY_ACTIVE_ARCH = YES;
				SDKROOT = iphoneos;
			};
			name = Debug;
		};
		697F3E861F4B173A0014B79D /* Release */ = {
			isa = XCBuildConfiguration;
			buildSettings = {
				ALWAYS_SEARCH_USER_PATHS = NO;
				CLANG_ANALYZER_NONNULL = YES;
				CLANG_ANALYZER_NUMBER_OBJECT_CONVERSION = YES_AGGRESSIVE;
				CLANG_CXX_LANGUAGE_STANDARD = "gnu++0x";
				CLANG_CXX_LIBRARY = "libc++";
				CLANG_ENABLE_MODULES = YES;
				CLANG_ENABLE_OBJC_ARC = YES;
				CLANG_WARN_BOOL_CONVERSION = YES;
				CLANG_WARN_CONSTANT_CONVERSION = YES;
				CLANG_WARN_DIRECT_OBJC_ISA_USAGE = YES_ERROR;
				CLANG_WARN_DOCUMENTATION_COMMENTS = YES;
				CLANG_WARN_EMPTY_BODY = YES;
				CLANG_WARN_ENUM_CONVERSION = YES;
				CLANG_WARN_INFINITE_RECURSION = YES;
				CLANG_WARN_INT_CONVERSION = YES;
				CLANG_WARN_OBJC_ROOT_CLASS = YES_ERROR;
				CLANG_WARN_SUSPICIOUS_MOVE = YES;
				CLANG_WARN_UNREACHABLE_CODE = YES;
				CLANG_WARN__DUPLICATE_METHOD_MATCH = YES;
				"CODE_SIGN_IDENTITY[sdk=iphoneos*]" = "iPhone Developer";
				COPY_PHASE_STRIP = NO;
				DEBUG_INFORMATION_FORMAT = "dwarf-with-dsym";
				ENABLE_NS_ASSERTIONS = NO;
				ENABLE_STRICT_OBJC_MSGSEND = YES;
				GCC_C_LANGUAGE_STANDARD = gnu99;
				GCC_NO_COMMON_BLOCKS = YES;
				GCC_WARN_64_TO_32_BIT_CONVERSION = YES;
				GCC_WARN_ABOUT_RETURN_TYPE = YES_ERROR;
				GCC_WARN_UNDECLARED_SELECTOR = YES;
				GCC_WARN_UNINITIALIZED_AUTOS = YES_AGGRESSIVE;
				GCC_WARN_UNUSED_FUNCTION = YES;
				GCC_WARN_UNUSED_VARIABLE = YES;
				IPHONEOS_DEPLOYMENT_TARGET = 10.3;
				MTL_ENABLE_DEBUG_INFO = NO;
				SDKROOT = iphoneos;
				VALIDATE_PRODUCT = YES;
			};
			name = Release;
		};
		697F3E881F4B173A0014B79D /* Debug */ = {
			isa = XCBuildConfiguration;
			baseConfigurationReference = 4E3F6225A037E5852CD76ACF /* Pods-CTLove.debug.xcconfig */;
			buildSettings = {
				ASSETCATALOG_COMPILER_APPICON_NAME = AppIcon;
				DEVELOPMENT_TEAM = HG4D7RHCA9;
				INFOPLIST_FILE = CTLove/Info.plist;
				LD_RUNPATH_SEARCH_PATHS = "$(inherited) @executable_path/Frameworks";
				PRODUCT_BUNDLE_IDENTIFIER = Demo.com.CTLove;
				PRODUCT_NAME = "$(TARGET_NAME)";
			};
			name = Debug;
		};
		697F3E891F4B173A0014B79D /* Release */ = {
			isa = XCBuildConfiguration;
			baseConfigurationReference = 43189289EC9ABAA6DE4FF61E /* Pods-CTLove.release.xcconfig */;
			buildSettings = {
				ASSETCATALOG_COMPILER_APPICON_NAME = AppIcon;
				DEVELOPMENT_TEAM = HG4D7RHCA9;
				INFOPLIST_FILE = CTLove/Info.plist;
				LD_RUNPATH_SEARCH_PATHS = "$(inherited) @executable_path/Frameworks";
				PRODUCT_BUNDLE_IDENTIFIER = Demo.com.CTLove;
				PRODUCT_NAME = "$(TARGET_NAME)";
			};
			name = Release;
		};
		697F3E8B1F4B173A0014B79D /* Debug */ = {
			isa = XCBuildConfiguration;
			baseConfigurationReference = 696C350234525BE3E0E746D6 /* Pods-CTLoveTests.debug.xcconfig */;
			buildSettings = {
				BUNDLE_LOADER = "$(TEST_HOST)";
				DEVELOPMENT_TEAM = HG4D7RHCA9;
				INFOPLIST_FILE = CTLoveTests/Info.plist;
				LD_RUNPATH_SEARCH_PATHS = "$(inherited) @executable_path/Frameworks @loader_path/Frameworks";
				PRODUCT_BUNDLE_IDENTIFIER = Demo.com.CTLoveTests;
				PRODUCT_NAME = "$(TARGET_NAME)";
				TEST_HOST = "$(BUILT_PRODUCTS_DIR)/CTLove.app/CTLove";
			};
			name = Debug;
		};
		697F3E8C1F4B173A0014B79D /* Release */ = {
			isa = XCBuildConfiguration;
			baseConfigurationReference = B4F093E221D48E1EFE148C12 /* Pods-CTLoveTests.release.xcconfig */;
			buildSettings = {
				BUNDLE_LOADER = "$(TEST_HOST)";
				DEVELOPMENT_TEAM = HG4D7RHCA9;
				INFOPLIST_FILE = CTLoveTests/Info.plist;
				LD_RUNPATH_SEARCH_PATHS = "$(inherited) @executable_path/Frameworks @loader_path/Frameworks";
				PRODUCT_BUNDLE_IDENTIFIER = Demo.com.CTLoveTests;
				PRODUCT_NAME = "$(TARGET_NAME)";
				TEST_HOST = "$(BUILT_PRODUCTS_DIR)/CTLove.app/CTLove";
			};
			name = Release;
		};
		697F3E8E1F4B173A0014B79D /* Debug */ = {
			isa = XCBuildConfiguration;
			baseConfigurationReference = 3DE1DB65D4C7994A0EE29434 /* Pods-CTLoveUITests.debug.xcconfig */;
			buildSettings = {
				DEVELOPMENT_TEAM = HG4D7RHCA9;
				INFOPLIST_FILE = CTLoveUITests/Info.plist;
				LD_RUNPATH_SEARCH_PATHS = "$(inherited) @executable_path/Frameworks @loader_path/Frameworks";
				PRODUCT_BUNDLE_IDENTIFIER = Demo.com.CTLoveUITests;
				PRODUCT_NAME = "$(TARGET_NAME)";
				TEST_TARGET_NAME = CTLove;
			};
			name = Debug;
		};
		697F3E8F1F4B173A0014B79D /* Release */ = {
			isa = XCBuildConfiguration;
			baseConfigurationReference = 93DE257E0F40A06601383808 /* Pods-CTLoveUITests.release.xcconfig */;
			buildSettings = {
				DEVELOPMENT_TEAM = HG4D7RHCA9;
				INFOPLIST_FILE = CTLoveUITests/Info.plist;
				LD_RUNPATH_SEARCH_PATHS = "$(inherited) @executable_path/Frameworks @loader_path/Frameworks";
				PRODUCT_BUNDLE_IDENTIFIER = Demo.com.CTLoveUITests;
				PRODUCT_NAME = "$(TARGET_NAME)";
				TEST_TARGET_NAME = CTLove;
			};
			name = Release;
		};
/* End XCBuildConfiguration section */

/* Begin XCConfigurationList section */
		697F3E551F4B17390014B79D /* Build configuration list for PBXProject "CTLove" */ = {
			isa = XCConfigurationList;
			buildConfigurations = (
				697F3E851F4B173A0014B79D /* Debug */,
				697F3E861F4B173A0014B79D /* Release */,
			);
			defaultConfigurationIsVisible = 0;
			defaultConfigurationName = Release;
		};
		697F3E871F4B173A0014B79D /* Build configuration list for PBXNativeTarget "CTLove" */ = {
			isa = XCConfigurationList;
			buildConfigurations = (
				697F3E881F4B173A0014B79D /* Debug */,
				697F3E891F4B173A0014B79D /* Release */,
			);
			defaultConfigurationIsVisible = 0;
			defaultConfigurationName = Release;
		};
		697F3E8A1F4B173A0014B79D /* Build configuration list for PBXNativeTarget "CTLoveTests" */ = {
			isa = XCConfigurationList;
			buildConfigurations = (
				697F3E8B1F4B173A0014B79D /* Debug */,
				697F3E8C1F4B173A0014B79D /* Release */,
			);
			defaultConfigurationIsVisible = 0;
			defaultConfigurationName = Release;
		};
		697F3E8D1F4B173A0014B79D /* Build configuration list for PBXNativeTarget "CTLoveUITests" */ = {
			isa = XCConfigurationList;
			buildConfigurations = (
				697F3E8E1F4B173A0014B79D /* Debug */,
				697F3E8F1F4B173A0014B79D /* Release */,
			);
			defaultConfigurationIsVisible = 0;
			defaultConfigurationName = Release;
		};
/* End XCConfigurationList section */
	};
	rootObject = 697F3E521F4B17390014B79D /* Project object */;
}
